// !$*UTF8*$!
{
	archiveVersion = 1;
	classes = {
	};
	objectVersion = 55;
	objects = {

/* Begin PBXBuildFile section */
		1E788F52288D81F900B8B768 /* ObservableObject.swift in Sources */ = {isa = PBXBuildFile; fileRef = 1E788F51288D81F900B8B768 /* ObservableObject.swift */; };
		1E788F54288D838600B8B768 /* WeatherViewModel.swift in Sources */ = {isa = PBXBuildFile; fileRef = 1E788F53288D838600B8B768 /* WeatherViewModel.swift */; };
		1E788F56288D88EC00B8B768 /* CurrentWeatherModel.swift in Sources */ = {isa = PBXBuildFile; fileRef = 1E788F55288D88EC00B8B768 /* CurrentWeatherModel.swift */; };
		1E788F5D288DACEF00B8B768 /* CitiesList.swift in Sources */ = {isa = PBXBuildFile; fileRef = 1E788F5C288DACEF00B8B768 /* CitiesList.swift */; };
		1E788F60288DB48600B8B768 /* NetworkManager.swift in Sources */ = {isa = PBXBuildFile; fileRef = 1E788F5F288DB48600B8B768 /* NetworkManager.swift */; };
		1E788F62288DB50800B8B768 /* WeatherCell.xib in Resources */ = {isa = PBXBuildFile; fileRef = 1E788F61288DB50800B8B768 /* WeatherCell.xib */; };
		1E788F64288DB52300B8B768 /* WeatherCell.swift in Sources */ = {isa = PBXBuildFile; fileRef = 1E788F63288DB52300B8B768 /* WeatherCell.swift */; };
		1E788F68288E84B000B8B768 /* DailyWeatherViewModel.swift in Sources */ = {isa = PBXBuildFile; fileRef = 1E788F67288E84B000B8B768 /* DailyWeatherViewModel.swift */; };
		1E788F6C288EAC6100B8B768 /* ListWeatherModel.swift in Sources */ = {isa = PBXBuildFile; fileRef = 1E788F6B288EAC6100B8B768 /* ListWeatherModel.swift */; };
		1E788F712890201A00B8B768 /* MainViewController.xib in Resources */ = {isa = PBXBuildFile; fileRef = 1E788F702890201A00B8B768 /* MainViewController.xib */; };
		1E788F732890360800B8B768 /* DailyWeatherViewController.xib in Resources */ = {isa = PBXBuildFile; fileRef = 1E788F722890360800B8B768 /* DailyWeatherViewController.xib */; };
		1E788F752890390300B8B768 /* DailyWeatherViewController.swift in Sources */ = {isa = PBXBuildFile; fileRef = 1E788F742890390300B8B768 /* DailyWeatherViewController.swift */; };
		1E930837288C985F00278FC2 /* AppDelegate.swift in Sources */ = {isa = PBXBuildFile; fileRef = 1E930836288C985F00278FC2 /* AppDelegate.swift */; };
		1E93083B288C985F00278FC2 /* MainViewController.swift in Sources */ = {isa = PBXBuildFile; fileRef = 1E93083A288C985F00278FC2 /* MainViewController.swift */; };
		1E930840288C985F00278FC2 /* Assets.xcassets in Resources */ = {isa = PBXBuildFile; fileRef = 1E93083F288C985F00278FC2 /* Assets.xcassets */; };
		1E930843288C985F00278FC2 /* LaunchScreen.storyboard in Resources */ = {isa = PBXBuildFile; fileRef = 1E930841288C985F00278FC2 /* LaunchScreen.storyboard */; };
		1E9308B0288C98E800278FC2 /* Utils.swift in Sources */ = {isa = PBXBuildFile; fileRef = 1E93084E288C98E700278FC2 /* Utils.swift */; };
		1E9308CA288C98E800278FC2 /* KRProgressHUD+extensions.swift in Sources */ = {isa = PBXBuildFile; fileRef = 1E930870288C98E800278FC2 /* KRProgressHUD+extensions.swift */; };
		1E9308CC288C98E800278FC2 /* Int+extensions.swift in Sources */ = {isa = PBXBuildFile; fileRef = 1E930872288C98E800278FC2 /* Int+extensions.swift */; };
		1E9308CD288C98E800278FC2 /* UIViewController+extensions.swift in Sources */ = {isa = PBXBuildFile; fileRef = 1E930873288C98E800278FC2 /* UIViewController+extensions.swift */; };
		1E9308D0288C98E800278FC2 /* String+extensions.swift in Sources */ = {isa = PBXBuildFile; fileRef = 1E930876288C98E800278FC2 /* String+extensions.swift */; };
		1E9308DC288C98E800278FC2 /* NSUserDefaults+extensions.swift in Sources */ = {isa = PBXBuildFile; fileRef = 1E930882288C98E800278FC2 /* NSUserDefaults+extensions.swift */; };
		1E9308DE288C98E800278FC2 /* UIStackView+extensions.swift in Sources */ = {isa = PBXBuildFile; fileRef = 1E930884288C98E800278FC2 /* UIStackView+extensions.swift */; };
		1E9308DF288C98E800278FC2 /* UITableView+extensions.swift in Sources */ = {isa = PBXBuildFile; fileRef = 1E930885288C98E800278FC2 /* UITableView+extensions.swift */; };
		1E9308E4288C98E800278FC2 /* Date+extensions.swift in Sources */ = {isa = PBXBuildFile; fileRef = 1E93088A288C98E800278FC2 /* Date+extensions.swift */; };
		1E9308E7288C98E800278FC2 /* JSONDecodable+extensions.swift in Sources */ = {isa = PBXBuildFile; fileRef = 1E93088D288C98E800278FC2 /* JSONDecodable+extensions.swift */; };
		1E9308E8288C98E800278FC2 /* Data+extensions.swift in Sources */ = {isa = PBXBuildFile; fileRef = 1E93088E288C98E800278FC2 /* Data+extensions.swift */; };
		1E9308E9288C98E800278FC2 /* Double+extensions.swift in Sources */ = {isa = PBXBuildFile; fileRef = 1E93088F288C98E800278FC2 /* Double+extensions.swift */; };
		3DFB4D9E43C1AD72B32F677A /* Pods_WorldWeatherAppDemo.framework in Frameworks */ = {isa = PBXBuildFile; fileRef = 648129DABB7830553C9BD1AF /* Pods_WorldWeatherAppDemo.framework */; };
/* End PBXBuildFile section */

/* Begin PBXFileReference section */
		14B37A93D5F4D5A534EF1E9A /* Pods-WorldWeatherAppDemo.debug.xcconfig */ = {isa = PBXFileReference; includeInIndex = 1; lastKnownFileType = text.xcconfig; name = "Pods-WorldWeatherAppDemo.debug.xcconfig"; path = "Target Support Files/Pods-WorldWeatherAppDemo/Pods-WorldWeatherAppDemo.debug.xcconfig"; sourceTree = "<group>"; };
		1E788F51288D81F900B8B768 /* ObservableObject.swift */ = {isa = PBXFileReference; lastKnownFileType = sourcecode.swift; path = ObservableObject.swift; sourceTree = "<group>"; };
		1E788F53288D838600B8B768 /* WeatherViewModel.swift */ = {isa = PBXFileReference; lastKnownFileType = sourcecode.swift; path = WeatherViewModel.swift; sourceTree = "<group>"; };
		1E788F55288D88EC00B8B768 /* CurrentWeatherModel.swift */ = {isa = PBXFileReference; lastKnownFileType = sourcecode.swift; path = CurrentWeatherModel.swift; sourceTree = "<group>"; };
		1E788F5C288DACEF00B8B768 /* CitiesList.swift */ = {isa = PBXFileReference; lastKnownFileType = sourcecode.swift; path = CitiesList.swift; sourceTree = "<group>"; };
		1E788F5F288DB48600B8B768 /* NetworkManager.swift */ = {isa = PBXFileReference; fileEncoding = 4; lastKnownFileType = sourcecode.swift; path = NetworkManager.swift; sourceTree = "<group>"; };
		1E788F61288DB50800B8B768 /* WeatherCell.xib */ = {isa = PBXFileReference; lastKnownFileType = file.xib; path = WeatherCell.xib; sourceTree = "<group>"; };
		1E788F63288DB52300B8B768 /* WeatherCell.swift */ = {isa = PBXFileReference; lastKnownFileType = sourcecode.swift; path = WeatherCell.swift; sourceTree = "<group>"; };
		1E788F67288E84B000B8B768 /* DailyWeatherViewModel.swift */ = {isa = PBXFileReference; lastKnownFileType = sourcecode.swift; path = DailyWeatherViewModel.swift; sourceTree = "<group>"; };
		1E788F6B288EAC6100B8B768 /* ListWeatherModel.swift */ = {isa = PBXFileReference; lastKnownFileType = sourcecode.swift; path = ListWeatherModel.swift; sourceTree = "<group>"; };
		1E788F702890201A00B8B768 /* MainViewController.xib */ = {isa = PBXFileReference; lastKnownFileType = file.xib; path = MainViewController.xib; sourceTree = "<group>"; };
		1E788F722890360800B8B768 /* DailyWeatherViewController.xib */ = {isa = PBXFileReference; lastKnownFileType = file.xib; path = DailyWeatherViewController.xib; sourceTree = "<group>"; };
		1E788F742890390300B8B768 /* DailyWeatherViewController.swift */ = {isa = PBXFileReference; lastKnownFileType = sourcecode.swift; path = DailyWeatherViewController.swift; sourceTree = "<group>"; };
		1E930833288C985F00278FC2 /* WorldWeatherAppDemo.app */ = {isa = PBXFileReference; explicitFileType = wrapper.application; includeInIndex = 0; path = WorldWeatherAppDemo.app; sourceTree = BUILT_PRODUCTS_DIR; };
		1E930836288C985F00278FC2 /* AppDelegate.swift */ = {isa = PBXFileReference; lastKnownFileType = sourcecode.swift; path = AppDelegate.swift; sourceTree = "<group>"; };
		1E93083A288C985F00278FC2 /* MainViewController.swift */ = {isa = PBXFileReference; lastKnownFileType = sourcecode.swift; path = MainViewController.swift; sourceTree = "<group>"; };
		1E93083F288C985F00278FC2 /* Assets.xcassets */ = {isa = PBXFileReference; lastKnownFileType = folder.assetcatalog; path = Assets.xcassets; sourceTree = "<group>"; };
		1E930842288C985F00278FC2 /* Base */ = {isa = PBXFileReference; lastKnownFileType = file.storyboard; name = Base; path = Base.lproj/LaunchScreen.storyboard; sourceTree = "<group>"; };
		1E930844288C985F00278FC2 /* Info.plist */ = {isa = PBXFileReference; lastKnownFileType = text.plist.xml; path = Info.plist; sourceTree = "<group>"; };
		1E93084E288C98E700278FC2 /* Utils.swift */ = {isa = PBXFileReference; fileEncoding = 4; lastKnownFileType = sourcecode.swift; path = Utils.swift; sourceTree = "<group>"; };
		1E930870288C98E800278FC2 /* KRProgressHUD+extensions.swift */ = {isa = PBXFileReference; fileEncoding = 4; lastKnownFileType = sourcecode.swift; path = "KRProgressHUD+extensions.swift"; sourceTree = "<group>"; };
		1E930872288C98E800278FC2 /* Int+extensions.swift */ = {isa = PBXFileReference; fileEncoding = 4; lastKnownFileType = sourcecode.swift; path = "Int+extensions.swift"; sourceTree = "<group>"; };
		1E930873288C98E800278FC2 /* UIViewController+extensions.swift */ = {isa = PBXFileReference; fileEncoding = 4; lastKnownFileType = sourcecode.swift; path = "UIViewController+extensions.swift"; sourceTree = "<group>"; };
		1E930876288C98E800278FC2 /* String+extensions.swift */ = {isa = PBXFileReference; fileEncoding = 4; lastKnownFileType = sourcecode.swift; path = "String+extensions.swift"; sourceTree = "<group>"; };
		1E930882288C98E800278FC2 /* NSUserDefaults+extensions.swift */ = {isa = PBXFileReference; fileEncoding = 4; lastKnownFileType = sourcecode.swift; path = "NSUserDefaults+extensions.swift"; sourceTree = "<group>"; };
		1E930884288C98E800278FC2 /* UIStackView+extensions.swift */ = {isa = PBXFileReference; fileEncoding = 4; lastKnownFileType = sourcecode.swift; path = "UIStackView+extensions.swift"; sourceTree = "<group>"; };
		1E930885288C98E800278FC2 /* UITableView+extensions.swift */ = {isa = PBXFileReference; fileEncoding = 4; lastKnownFileType = sourcecode.swift; path = "UITableView+extensions.swift"; sourceTree = "<group>"; };
		1E93088A288C98E800278FC2 /* Date+extensions.swift */ = {isa = PBXFileReference; fileEncoding = 4; lastKnownFileType = sourcecode.swift; path = "Date+extensions.swift"; sourceTree = "<group>"; };
		1E93088D288C98E800278FC2 /* JSONDecodable+extensions.swift */ = {isa = PBXFileReference; fileEncoding = 4; lastKnownFileType = sourcecode.swift; path = "JSONDecodable+extensions.swift"; sourceTree = "<group>"; };
		1E93088E288C98E800278FC2 /* Data+extensions.swift */ = {isa = PBXFileReference; fileEncoding = 4; lastKnownFileType = sourcecode.swift; path = "Data+extensions.swift"; sourceTree = "<group>"; };
		1E93088F288C98E800278FC2 /* Double+extensions.swift */ = {isa = PBXFileReference; fileEncoding = 4; lastKnownFileType = sourcecode.swift; path = "Double+extensions.swift"; sourceTree = "<group>"; };
		4F4A91F2EE2CDA8FD8205A09 /* Pods-WorldWeatherAppDemo.release.xcconfig */ = {isa = PBXFileReference; includeInIndex = 1; lastKnownFileType = text.xcconfig; name = "Pods-WorldWeatherAppDemo.release.xcconfig"; path = "Target Support Files/Pods-WorldWeatherAppDemo/Pods-WorldWeatherAppDemo.release.xcconfig"; sourceTree = "<group>"; };
		648129DABB7830553C9BD1AF /* Pods_WorldWeatherAppDemo.framework */ = {isa = PBXFileReference; explicitFileType = wrapper.framework; includeInIndex = 0; path = Pods_WorldWeatherAppDemo.framework; sourceTree = BUILT_PRODUCTS_DIR; };
/* End PBXFileReference section */

/* Begin PBXFrameworksBuildPhase section */
		1E930830288C985F00278FC2 /* Frameworks */ = {
			isa = PBXFrameworksBuildPhase;
			buildActionMask = 2147483647;
			files = (
				3DFB4D9E43C1AD72B32F677A /* Pods_WorldWeatherAppDemo.framework in Frameworks */,
			);
			runOnlyForDeploymentPostprocessing = 0;
		};
/* End PBXFrameworksBuildPhase section */

/* Begin PBXGroup section */
		1E788F4D288D7D3100B8B768 /* ViewModels */ = {
			isa = PBXGroup;
			children = (
				1E788F53288D838600B8B768 /* WeatherViewModel.swift */,
			);
			path = ViewModels;
			sourceTree = "<group>";
		};
		1E788F57288D88FF00B8B768 /* Models */ = {
			isa = PBXGroup;
			children = (
				1E788F55288D88EC00B8B768 /* CurrentWeatherModel.swift */,
			);
			path = Models;
			sourceTree = "<group>";
		};
		1E788F58288D895B00B8B768 /* Cells */ = {
			isa = PBXGroup;
			children = (
				1E788F61288DB50800B8B768 /* WeatherCell.xib */,
				1E788F63288DB52300B8B768 /* WeatherCell.swift */,
			);
			path = Cells;
			sourceTree = "<group>";
		};
		1E788F5B288DACB300B8B768 /* DataSource */ = {
			isa = PBXGroup;
			children = (
				1E788F5C288DACEF00B8B768 /* CitiesList.swift */,
			);
			path = DataSource;
			sourceTree = "<group>";
		};
		1E788F5E288DB40400B8B768 /* Manager */ = {
			isa = PBXGroup;
			children = (
				1E788F5F288DB48600B8B768 /* NetworkManager.swift */,
			);
			path = Manager;
			sourceTree = "<group>";
		};
		1E788F65288E818700B8B768 /* DailyWeatherController */ = {
			isa = PBXGroup;
			children = (
				1E788F6D288EAC6500B8B768 /* Models */,
				1E788F66288E81B200B8B768 /* ViewModels */,
				1E788F742890390300B8B768 /* DailyWeatherViewController.swift */,
				1E788F722890360800B8B768 /* DailyWeatherViewController.xib */,
			);
			path = DailyWeatherController;
			sourceTree = "<group>";
		};
		1E788F66288E81B200B8B768 /* ViewModels */ = {
			isa = PBXGroup;
			children = (
				1E788F67288E84B000B8B768 /* DailyWeatherViewModel.swift */,
			);
			path = ViewModels;
			sourceTree = "<group>";
		};
		1E788F6D288EAC6500B8B768 /* Models */ = {
			isa = PBXGroup;
			children = (
				1E788F6B288EAC6100B8B768 /* ListWeatherModel.swift */,
			);
			path = Models;
			sourceTree = "<group>";
		};
		1E93082A288C985F00278FC2 = {
			isa = PBXGroup;
			children = (
				1E930835288C985F00278FC2 /* WorldWeatherAppDemo */,
				1E930834288C985F00278FC2 /* Products */,
				5BF5A1B381E58900B6CF9B50 /* Pods */,
				56780F1825F2D1258F2C837D /* Frameworks */,
			);
			sourceTree = "<group>";
		};
		1E930834288C985F00278FC2 /* Products */ = {
			isa = PBXGroup;
			children = (
				1E930833288C985F00278FC2 /* WorldWeatherAppDemo.app */,
			);
			name = Products;
			sourceTree = "<group>";
		};
		1E930835288C985F00278FC2 /* WorldWeatherAppDemo */ = {
			isa = PBXGroup;
			children = (
				1E93084A288C987F00278FC2 /* AppDelegate */,
				1E93086F288C98E800278FC2 /* Extensions */,
				1E93084D288C98E700278FC2 /* Utils */,
				1E93084B288C988C00278FC2 /* AppFlow */,
				1E93083F288C985F00278FC2 /* Assets.xcassets */,
				1E930841288C985F00278FC2 /* LaunchScreen.storyboard */,
				1E930844288C985F00278FC2 /* Info.plist */,
			);
			path = WorldWeatherAppDemo;
			sourceTree = "<group>";
		};
		1E93084A288C987F00278FC2 /* AppDelegate */ = {
			isa = PBXGroup;
			children = (
				1E930836288C985F00278FC2 /* AppDelegate.swift */,
			);
			path = AppDelegate;
			sourceTree = "<group>";
		};
		1E93084B288C988C00278FC2 /* AppFlow */ = {
			isa = PBXGroup;
			children = (
				1E788F5E288DB40400B8B768 /* Manager */,
				1E930904288C9A9900278FC2 /* ObservableObject */,
				1E788F5B288DACB300B8B768 /* DataSource */,
				1E93084C288C989700278FC2 /* MainViewController */,
				1E788F65288E818700B8B768 /* DailyWeatherController */,
			);
			path = AppFlow;
			sourceTree = "<group>";
		};
		1E93084C288C989700278FC2 /* MainViewController */ = {
			isa = PBXGroup;
			children = (
				1E788F58288D895B00B8B768 /* Cells */,
				1E788F57288D88FF00B8B768 /* Models */,
				1E788F4D288D7D3100B8B768 /* ViewModels */,
				1E93083A288C985F00278FC2 /* MainViewController.swift */,
				1E788F702890201A00B8B768 /* MainViewController.xib */,
			);
			path = MainViewController;
			sourceTree = "<group>";
		};
		1E93084D288C98E700278FC2 /* Utils */ = {
			isa = PBXGroup;
			children = (
				1E93084E288C98E700278FC2 /* Utils.swift */,
			);
			path = Utils;
			sourceTree = "<group>";
		};
		1E93086F288C98E800278FC2 /* Extensions */ = {
			isa = PBXGroup;
			children = (
				1E930870288C98E800278FC2 /* KRProgressHUD+extensions.swift */,
				1E930872288C98E800278FC2 /* Int+extensions.swift */,
				1E930873288C98E800278FC2 /* UIViewController+extensions.swift */,
				1E930876288C98E800278FC2 /* String+extensions.swift */,
				1E930882288C98E800278FC2 /* NSUserDefaults+extensions.swift */,
				1E930884288C98E800278FC2 /* UIStackView+extensions.swift */,
				1E930885288C98E800278FC2 /* UITableView+extensions.swift */,
				1E93088A288C98E800278FC2 /* Date+extensions.swift */,
				1E93088D288C98E800278FC2 /* JSONDecodable+extensions.swift */,
				1E93088E288C98E800278FC2 /* Data+extensions.swift */,
				1E93088F288C98E800278FC2 /* Double+extensions.swift */,
			);
			path = Extensions;
			sourceTree = "<group>";
		};
		1E930904288C9A9900278FC2 /* ObservableObject */ = {
			isa = PBXGroup;
			children = (
				1E788F51288D81F900B8B768 /* ObservableObject.swift */,
			);
			path = ObservableObject;
			sourceTree = "<group>";
		};
		56780F1825F2D1258F2C837D /* Frameworks */ = {
			isa = PBXGroup;
			children = (
				648129DABB7830553C9BD1AF /* Pods_WorldWeatherAppDemo.framework */,
			);
			name = Frameworks;
			sourceTree = "<group>";
		};
		5BF5A1B381E58900B6CF9B50 /* Pods */ = {
			isa = PBXGroup;
			children = (
				14B37A93D5F4D5A534EF1E9A /* Pods-WorldWeatherAppDemo.debug.xcconfig */,
				4F4A91F2EE2CDA8FD8205A09 /* Pods-WorldWeatherAppDemo.release.xcconfig */,
			);
			path = Pods;
			sourceTree = "<group>";
		};
/* End PBXGroup section */

/* Begin PBXNativeTarget section */
		1E930832288C985F00278FC2 /* WorldWeatherAppDemo */ = {
			isa = PBXNativeTarget;
			buildConfigurationList = 1E930847288C985F00278FC2 /* Build configuration list for PBXNativeTarget "WorldWeatherAppDemo" */;
			buildPhases = (
				75E291417026CAD6D5A2D9D5 /* [CP] Check Pods Manifest.lock */,
				1E93082F288C985F00278FC2 /* Sources */,
				1E930830288C985F00278FC2 /* Frameworks */,
				1E930831288C985F00278FC2 /* Resources */,
				526A3703D706B735450E459D /* [CP] Embed Pods Frameworks */,
			);
			buildRules = (
			);
			dependencies = (
			);
			name = WorldWeatherAppDemo;
			productName = DarioHealthDemo;
			productReference = 1E930833288C985F00278FC2 /* WorldWeatherAppDemo.app */;
			productType = "com.apple.product-type.application";
		};
/* End PBXNativeTarget section */

/* Begin PBXProject section */
		1E93082B288C985F00278FC2 /* Project object */ = {
			isa = PBXProject;
			attributes = {
				BuildIndependentTargetsInParallel = 1;
				LastSwiftUpdateCheck = 1340;
				LastUpgradeCheck = 1340;
				TargetAttributes = {
					1E930832288C985F00278FC2 = {
						CreatedOnToolsVersion = 13.4.1;
					};
				};
			};
			buildConfigurationList = 1E93082E288C985F00278FC2 /* Build configuration list for PBXProject "WorldWeatherAppDemo" */;
			compatibilityVersion = "Xcode 13.0";
			developmentRegion = en;
			hasScannedForEncodings = 0;
			knownRegions = (
				en,
				Base,
			);
			mainGroup = 1E93082A288C985F00278FC2;
			productRefGroup = 1E930834288C985F00278FC2 /* Products */;
			projectDirPath = "";
			projectRoot = "";
			targets = (
				1E930832288C985F00278FC2 /* WorldWeatherAppDemo */,
			);
		};
/* End PBXProject section */

/* Begin PBXResourcesBuildPhase section */
		1E930831288C985F00278FC2 /* Resources */ = {
			isa = PBXResourcesBuildPhase;
			buildActionMask = 2147483647;
			files = (
				1E788F62288DB50800B8B768 /* WeatherCell.xib in Resources */,
				1E788F732890360800B8B768 /* DailyWeatherViewController.xib in Resources */,
				1E930843288C985F00278FC2 /* LaunchScreen.storyboard in Resources */,
				1E930840288C985F00278FC2 /* Assets.xcassets in Resources */,
				1E788F712890201A00B8B768 /* MainViewController.xib in Resources */,
			);
			runOnlyForDeploymentPostprocessing = 0;
		};
/* End PBXResourcesBuildPhase section */

/* Begin PBXShellScriptBuildPhase section */
		526A3703D706B735450E459D /* [CP] Embed Pods Frameworks */ = {
			isa = PBXShellScriptBuildPhase;
			buildActionMask = 2147483647;
			files = (
			);
			inputFileListPaths = (
				"${PODS_ROOT}/Target Support Files/Pods-WorldWeatherAppDemo/Pods-WorldWeatherAppDemo-frameworks-${CONFIGURATION}-input-files.xcfilelist",
			);
			name = "[CP] Embed Pods Frameworks";
			outputFileListPaths = (
				"${PODS_ROOT}/Target Support Files/Pods-WorldWeatherAppDemo/Pods-WorldWeatherAppDemo-frameworks-${CONFIGURATION}-output-files.xcfilelist",
			);
			runOnlyForDeploymentPostprocessing = 0;
			shellPath = /bin/sh;
			shellScript = "\"${PODS_ROOT}/Target Support Files/Pods-WorldWeatherAppDemo/Pods-WorldWeatherAppDemo-frameworks.sh\"\n";
			showEnvVarsInLog = 0;
		};
		75E291417026CAD6D5A2D9D5 /* [CP] Check Pods Manifest.lock */ = {
			isa = PBXShellScriptBuildPhase;
			buildActionMask = 2147483647;
			files = (
			);
			inputFileListPaths = (
			);
			inputPaths = (
				"${PODS_PODFILE_DIR_PATH}/Podfile.lock",
				"${PODS_ROOT}/Manifest.lock",
			);
			name = "[CP] Check Pods Manifest.lock";
			outputFileListPaths = (
			);
			outputPaths = (
				"$(DERIVED_FILE_DIR)/Pods-WorldWeatherAppDemo-checkManifestLockResult.txt",
			);
			runOnlyForDeploymentPostprocessing = 0;
			shellPath = /bin/sh;
			shellScript = "diff \"${PODS_PODFILE_DIR_PATH}/Podfile.lock\" \"${PODS_ROOT}/Manifest.lock\" > /dev/null\nif [ $? != 0 ] ; then\n    # print error to STDERR\n    echo \"error: The sandbox is not in sync with the Podfile.lock. Run 'pod install' or update your CocoaPods installation.\" >&2\n    exit 1\nfi\n# This output is used by Xcode 'outputs' to avoid re-running this script phase.\necho \"SUCCESS\" > \"${SCRIPT_OUTPUT_FILE_0}\"\n";
			showEnvVarsInLog = 0;
		};
/* End PBXShellScriptBuildPhase section */

/* Begin PBXSourcesBuildPhase section */
		1E93082F288C985F00278FC2 /* Sources */ = {
			isa = PBXSourcesBuildPhase;
			buildActionMask = 2147483647;
			files = (
				1E788F6C288EAC6100B8B768 /* ListWeatherModel.swift in Sources */,
				1E9308DE288C98E800278FC2 /* UIStackView+extensions.swift in Sources */,
				1E788F68288E84B000B8B768 /* DailyWeatherViewModel.swift in Sources */,
				1E9308CD288C98E800278FC2 /* UIViewController+extensions.swift in Sources */,
				1E9308DF288C98E800278FC2 /* UITableView+extensions.swift in Sources */,
				1E9308E9288C98E800278FC2 /* Double+extensions.swift in Sources */,
				1E9308CA288C98E800278FC2 /* KRProgressHUD+extensions.swift in Sources */,
				1E9308E7288C98E800278FC2 /* JSONDecodable+extensions.swift in Sources */,
				1E93083B288C985F00278FC2 /* MainViewController.swift in Sources */,
				1E9308D0288C98E800278FC2 /* String+extensions.swift in Sources */,
				1E9308E4288C98E800278FC2 /* Date+extensions.swift in Sources */,
				1E788F5D288DACEF00B8B768 /* CitiesList.swift in Sources */,
				1E788F60288DB48600B8B768 /* NetworkManager.swift in Sources */,
				1E930837288C985F00278FC2 /* AppDelegate.swift in Sources */,
				1E788F64288DB52300B8B768 /* WeatherCell.swift in Sources */,
				1E9308CC288C98E800278FC2 /* Int+extensions.swift in Sources */,
				1E9308DC288C98E800278FC2 /* NSUserDefaults+extensions.swift in Sources */,
				1E788F752890390300B8B768 /* DailyWeatherViewController.swift in Sources */,
				1E788F54288D838600B8B768 /* WeatherViewModel.swift in Sources */,
				1E788F52288D81F900B8B768 /* ObservableObject.swift in Sources */,
				1E9308E8288C98E800278FC2 /* Data+extensions.swift in Sources */,
				1E9308B0288C98E800278FC2 /* Utils.swift in Sources */,
				1E788F56288D88EC00B8B768 /* CurrentWeatherModel.swift in Sources */,
			);
			runOnlyForDeploymentPostprocessing = 0;
		};
/* End PBXSourcesBuildPhase section */

/* Begin PBXVariantGroup section */
		1E930841288C985F00278FC2 /* LaunchScreen.storyboard */ = {
			isa = PBXVariantGroup;
			children = (
				1E930842288C985F00278FC2 /* Base */,
			);
			name = LaunchScreen.storyboard;
			sourceTree = "<group>";
		};
/* End PBXVariantGroup section */

/* Begin XCBuildConfiguration section */
		1E930845288C985F00278FC2 /* Debug */ = {
			isa = XCBuildConfiguration;
			buildSettings = {
				ALWAYS_SEARCH_USER_PATHS = NO;
				CLANG_ANALYZER_NONNULL = YES;
				CLANG_ANALYZER_NUMBER_OBJECT_CONVERSION = YES_AGGRESSIVE;
				CLANG_CXX_LANGUAGE_STANDARD = "gnu++17";
				CLANG_ENABLE_MODULES = YES;
				CLANG_ENABLE_OBJC_ARC = YES;
				CLANG_ENABLE_OBJC_WEAK = YES;
				CLANG_WARN_BLOCK_CAPTURE_AUTORELEASING = YES;
				CLANG_WARN_BOOL_CONVERSION = YES;
				CLANG_WARN_COMMA = YES;
				CLANG_WARN_CONSTANT_CONVERSION = YES;
				CLANG_WARN_DEPRECATED_OBJC_IMPLEMENTATIONS = YES;
				CLANG_WARN_DIRECT_OBJC_ISA_USAGE = YES_ERROR;
				CLANG_WARN_DOCUMENTATION_COMMENTS = YES;
				CLANG_WARN_EMPTY_BODY = YES;
				CLANG_WARN_ENUM_CONVERSION = YES;
				CLANG_WARN_INFINITE_RECURSION = YES;
				CLANG_WARN_INT_CONVERSION = YES;
				CLANG_WARN_NON_LITERAL_NULL_CONVERSION = YES;
				CLANG_WARN_OBJC_IMPLICIT_RETAIN_SELF = YES;
				CLANG_WARN_OBJC_LITERAL_CONVERSION = YES;
				CLANG_WARN_OBJC_ROOT_CLASS = YES_ERROR;
				CLANG_WARN_QUOTED_INCLUDE_IN_FRAMEWORK_HEADER = YES;
				CLANG_WARN_RANGE_LOOP_ANALYSIS = YES;
				CLANG_WARN_STRICT_PROTOTYPES = YES;
				CLANG_WARN_SUSPICIOUS_MOVE = YES;
				CLANG_WARN_UNGUARDED_AVAILABILITY = YES_AGGRESSIVE;
				CLANG_WARN_UNREACHABLE_CODE = YES;
				CLANG_WARN__DUPLICATE_METHOD_MATCH = YES;
				COPY_PHASE_STRIP = NO;
				DEBUG_INFORMATION_FORMAT = dwarf;
				ENABLE_STRICT_OBJC_MSGSEND = YES;
				ENABLE_TESTABILITY = YES;
				GCC_C_LANGUAGE_STANDARD = gnu11;
				GCC_DYNAMIC_NO_PIC = NO;
				GCC_NO_COMMON_BLOCKS = YES;
				GCC_OPTIMIZATION_LEVEL = 0;
				GCC_PREPROCESSOR_DEFINITIONS = (
					"DEBUG=1",
					"$(inherited)",
				);
				GCC_WARN_64_TO_32_BIT_CONVERSION = YES;
				GCC_WARN_ABOUT_RETURN_TYPE = YES_ERROR;
				GCC_WARN_UNDECLARED_SELECTOR = YES;
				GCC_WARN_UNINITIALIZED_AUTOS = YES_AGGRESSIVE;
				GCC_WARN_UNUSED_FUNCTION = YES;
				GCC_WARN_UNUSED_VARIABLE = YES;
				IPHONEOS_DEPLOYMENT_TARGET = 15.5;
				MTL_ENABLE_DEBUG_INFO = INCLUDE_SOURCE;
				MTL_FAST_MATH = YES;
				ONLY_ACTIVE_ARCH = YES;
				SDKROOT = iphoneos;
				SWIFT_ACTIVE_COMPILATION_CONDITIONS = DEBUG;
				SWIFT_OPTIMIZATION_LEVEL = "-Onone";
			};
			name = Debug;
		};
		1E930846288C985F00278FC2 /* Release */ = {
			isa = XCBuildConfiguration;
			buildSettings = {
				ALWAYS_SEARCH_USER_PATHS = NO;
				CLANG_ANALYZER_NONNULL = YES;
				CLANG_ANALYZER_NUMBER_OBJECT_CONVERSION = YES_AGGRESSIVE;
				CLANG_CXX_LANGUAGE_STANDARD = "gnu++17";
				CLANG_ENABLE_MODULES = YES;
				CLANG_ENABLE_OBJC_ARC = YES;
				CLANG_ENABLE_OBJC_WEAK = YES;
				CLANG_WARN_BLOCK_CAPTURE_AUTORELEASING = YES;
				CLANG_WARN_BOOL_CONVERSION = YES;
				CLANG_WARN_COMMA = YES;
				CLANG_WARN_CONSTANT_CONVERSION = YES;
				CLANG_WARN_DEPRECATED_OBJC_IMPLEMENTATIONS = YES;
				CLANG_WARN_DIRECT_OBJC_ISA_USAGE = YES_ERROR;
				CLANG_WARN_DOCUMENTATION_COMMENTS = YES;
				CLANG_WARN_EMPTY_BODY = YES;
				CLANG_WARN_ENUM_CONVERSION = YES;
				CLANG_WARN_INFINITE_RECURSION = YES;
				CLANG_WARN_INT_CONVERSION = YES;
				CLANG_WARN_NON_LITERAL_NULL_CONVERSION = YES;
				CLANG_WARN_OBJC_IMPLICIT_RETAIN_SELF = YES;
				CLANG_WARN_OBJC_LITERAL_CONVERSION = YES;
				CLANG_WARN_OBJC_ROOT_CLASS = YES_ERROR;
				CLANG_WARN_QUOTED_INCLUDE_IN_FRAMEWORK_HEADER = YES;
				CLANG_WARN_RANGE_LOOP_ANALYSIS = YES;
				CLANG_WARN_STRICT_PROTOTYPES = YES;
				CLANG_WARN_SUSPICIOUS_MOVE = YES;
				CLANG_WARN_UNGUARDED_AVAILABILITY = YES_AGGRESSIVE;
				CLANG_WARN_UNREACHABLE_CODE = YES;
				CLANG_WARN__DUPLICATE_METHOD_MATCH = YES;
				COPY_PHASE_STRIP = NO;
				DEBUG_INFORMATION_FORMAT = "dwarf-with-dsym";
				ENABLE_NS_ASSERTIONS = NO;
				ENABLE_STRICT_OBJC_MSGSEND = YES;
				GCC_C_LANGUAGE_STANDARD = gnu11;
				GCC_NO_COMMON_BLOCKS = YES;
				GCC_WARN_64_TO_32_BIT_CONVERSION = YES;
				GCC_WARN_ABOUT_RETURN_TYPE = YES_ERROR;
				GCC_WARN_UNDECLARED_SELECTOR = YES;
				GCC_WARN_UNINITIALIZED_AUTOS = YES_AGGRESSIVE;
				GCC_WARN_UNUSED_FUNCTION = YES;
				GCC_WARN_UNUSED_VARIABLE = YES;
				IPHONEOS_DEPLOYMENT_TARGET = 15.5;
				MTL_ENABLE_DEBUG_INFO = NO;
				MTL_FAST_MATH = YES;
				SDKROOT = iphoneos;
				SWIFT_COMPILATION_MODE = wholemodule;
				SWIFT_OPTIMIZATION_LEVEL = "-O";
				VALIDATE_PRODUCT = YES;
			};
			name = Release;
		};
		1E930848288C985F00278FC2 /* Debug */ = {
			isa = XCBuildConfiguration;
			baseConfigurationReference = 14B37A93D5F4D5A534EF1E9A /* Pods-WorldWeatherAppDemo.debug.xcconfig */;
			buildSettings = {
				ASSETCATALOG_COMPILER_APPICON_NAME = AppIcon;
				ASSETCATALOG_COMPILER_GLOBAL_ACCENT_COLOR_NAME = AccentColor;
				CODE_SIGN_IDENTITY = "Apple Development";
				CODE_SIGN_STYLE = Automatic;
				CURRENT_PROJECT_VERSION = 1;
				DEVELOPMENT_TEAM = S9676DF7C4;
				GENERATE_INFOPLIST_FILE = YES;
				INFOPLIST_FILE = WorldWeatherAppDemo/Info.plist;
				INFOPLIST_KEY_CFBundleDisplayName = "Simple Weather";
				INFOPLIST_KEY_LSApplicationCategoryType = "public.app-category.weather";
				INFOPLIST_KEY_UIApplicationSupportsIndirectInputEvents = YES;
				INFOPLIST_KEY_UILaunchStoryboardName = LaunchScreen;
				INFOPLIST_KEY_UISupportedInterfaceOrientations = UIInterfaceOrientationPortrait;
				INFOPLIST_KEY_UISupportedInterfaceOrientations_iPhone = UIInterfaceOrientationPortrait;
				LD_RUNPATH_SEARCH_PATHS = (
					"$(inherited)",
					"@executable_path/Frameworks",
				);
				MARKETING_VERSION = 1.0;
				PRODUCT_BUNDLE_IDENTIFIER = com.app.WorldWeatherAppDemo;
				PRODUCT_NAME = "$(TARGET_NAME)";
				PROVISIONING_PROFILE_SPECIFIER = "";
				SWIFT_EMIT_LOC_STRINGS = YES;
				SWIFT_VERSION = 5.0;
				TARGETED_DEVICE_FAMILY = 1;
			};
			name = Debug;
		};
		1E930849288C985F00278FC2 /* Release */ = {
			isa = XCBuildConfiguration;
			baseConfigurationReference = 4F4A91F2EE2CDA8FD8205A09 /* Pods-WorldWeatherAppDemo.release.xcconfig */;
			buildSettings = {
				ASSETCATALOG_COMPILER_APPICON_NAME = AppIcon;
				ASSETCATALOG_COMPILER_GLOBAL_ACCENT_COLOR_NAME = AccentColor;
				CODE_SIGN_IDENTITY = "Apple Development";
				CODE_SIGN_STYLE = Automatic;
				CURRENT_PROJECT_VERSION = 1;
				DEVELOPMENT_TEAM = S9676DF7C4;
				GENERATE_INFOPLIST_FILE = YES;
				INFOPLIST_FILE = WorldWeatherAppDemo/Info.plist;
				INFOPLIST_KEY_CFBundleDisplayName = "Simple Weather";
				INFOPLIST_KEY_LSApplicationCategoryType = "public.app-category.weather";
				INFOPLIST_KEY_UIApplicationSupportsIndirectInputEvents = YES;
				INFOPLIST_KEY_UILaunchStoryboardName = LaunchScreen;
				INFOPLIST_KEY_UISupportedInterfaceOrientations = UIInterfaceOrientationPortrait;
				INFOPLIST_KEY_UISupportedInterfaceOrientations_iPhone = UIInterfaceOrientationPortrait;
				LD_RUNPATH_SEARCH_PATHS = (
					"$(inherited)",
					"@executable_path/Frameworks",
				);
				MARKETING_VERSION = 1.0;
				PRODUCT_BUNDLE_IDENTIFIER = com.app.WorldWeatherAppDemo;
				PRODUCT_NAME = "$(TARGET_NAME)";
				PROVISIONING_PROFILE_SPECIFIER = "";
				SWIFT_EMIT_LOC_STRINGS = YES;
				SWIFT_VERSION = 5.0;
				TARGETED_DEVICE_FAMILY = 1;
			};
			name = Release;
		};
/* End XCBuildConfiguration section */

/* Begin XCConfigurationList section */
		1E93082E288C985F00278FC2 /* Build configuration list for PBXProject "WorldWeatherAppDemo" */ = {
			isa = XCConfigurationList;
			buildConfigurations = (
				1E930845288C985F00278FC2 /* Debug */,
				1E930846288C985F00278FC2 /* Release */,
			);
			defaultConfigurationIsVisible = 0;
			defaultConfigurationName = Release;
		};
		1E930847288C985F00278FC2 /* Build configuration list for PBXNativeTarget "WorldWeatherAppDemo" */ = {
			isa = XCConfigurationList;
			buildConfigurations = (
				1E930848288C985F00278FC2 /* Debug */,
				1E930849288C985F00278FC2 /* Release */,
			);
			defaultConfigurationIsVisible = 0;
			defaultConfigurationName = Release;
		};
/* End XCConfigurationList section */
	};
	rootObject = 1E93082B288C985F00278FC2 /* Project object */;
}
